
Microsoft Visual Studio Solution File, Format Version 12.00
# Visual Studio Version 16
VisualStudioVersion = 16.0.29020.237
MinimumVisualStudioVersion = 10.0.40219.1
Project("{FAE04EC0-301F-11D3-BF4B-00C04F79EFBC}") = "gyorsrendezes", "gyorsrendezes\gyorsrendezes.csproj", "{44CFC1EE-6FA0-466E-8AF9-D22199EDED7B}"
EndProject
Global
	GlobalSection(SolutionConfigurationPlatforms) = preSolution
		Debug|Any CPU = Debug|Any CPU
		Release|Any CPU = Release|Any CPU
	EndGlobalSection
	GlobalSection(ProjectConfigurationPlatforms) = postSolution
		{44CFC1EE-6FA0-466E-8AF9-D22199EDED7B}.Debug|Any CPU.ActiveCfg = Debug|Any CPU
		{44CFC1EE-6FA0-466E-8AF9-D22199EDED7B}.Debug|Any CPU.Build.0 = Debug|Any CPU
		{44CFC1EE-6FA0-466E-8AF9-D22199EDED7B}.Release|Any CPU.ActiveCfg = Release|Any CPU
		{44CFC1EE-6FA0-466E-8AF9-D22199EDED7B}.Release|Any CPU.Build.0 = Release|Any CPU
	EndGlobalSection
	GlobalSection(SolutionProperties) = preSolution
		HideSolutionNode = FALSE
	EndGlobalSection
	GlobalSection(ExtensibilityGlobals) = postSolution
		SolutionGuid = {B2F4CAF6-1549-4E63-87E7-6A78DBA27CE9}
	EndGlobalSection
EndGlobal
